// !$*UTF8*$!
{
	archiveVersion = 1;
	classes = {
	};
	objectVersion = 46;
	objects = {

/* Begin PBXBuildFile section */
		60C9494719184C8500DA082C /* Foundation.framework in Frameworks */ = {isa = PBXBuildFile; fileRef = 60C9494619184C8500DA082C /* Foundation.framework */; };
		60C9494919184C8500DA082C /* CoreGraphics.framework in Frameworks */ = {isa = PBXBuildFile; fileRef = 60C9494819184C8500DA082C /* CoreGraphics.framework */; };
		60C9494B19184C8500DA082C /* UIKit.framework in Frameworks */ = {isa = PBXBuildFile; fileRef = 60C9494A19184C8500DA082C /* UIKit.framework */; };
		60C9495119184C8500DA082C /* InfoPlist.strings in Resources */ = {isa = PBXBuildFile; fileRef = 60C9494F19184C8500DA082C /* InfoPlist.strings */; };
		60C9495319184C8500DA082C /* main.m in Sources */ = {isa = PBXBuildFile; fileRef = 60C9495219184C8500DA082C /* main.m */; };
		60C9495719184C8500DA082C /* GRAppDelegate.m in Sources */ = {isa = PBXBuildFile; fileRef = 60C9495619184C8500DA082C /* GRAppDelegate.m */; };
		60C9495A19184C8500DA082C /* Main.storyboard in Resources */ = {isa = PBXBuildFile; fileRef = 60C9495819184C8500DA082C /* Main.storyboard */; };
		60C9495D19184C8500DA082C /* GRViewController.m in Sources */ = {isa = PBXBuildFile; fileRef = 60C9495C19184C8500DA082C /* GRViewController.m */; };
		60C9495F19184C8600DA082C /* Images.xcassets in Resources */ = {isa = PBXBuildFile; fileRef = 60C9495E19184C8600DA082C /* Images.xcassets */; };
		60C9496619184C8600DA082C /* XCTest.framework in Frameworks */ = {isa = PBXBuildFile; fileRef = 60C9496519184C8600DA082C /* XCTest.framework */; };
		60C9496719184C8600DA082C /* Foundation.framework in Frameworks */ = {isa = PBXBuildFile; fileRef = 60C9494619184C8500DA082C /* Foundation.framework */; };
		60C9496819184C8600DA082C /* UIKit.framework in Frameworks */ = {isa = PBXBuildFile; fileRef = 60C9494A19184C8500DA082C /* UIKit.framework */; };
		60C9497019184C8600DA082C /* InfoPlist.strings in Resources */ = {isa = PBXBuildFile; fileRef = 60C9496E19184C8600DA082C /* InfoPlist.strings */; };
		60C9497219184C8600DA082C /* _24_DrawingTests.m in Sources */ = {isa = PBXBuildFile; fileRef = 60C9497119184C8600DA082C /* _24_DrawingTests.m */; };
		60C9497D19184CB900DA082C /* GRDrawingView.m in Sources */ = {isa = PBXBuildFile; fileRef = 60C9497C19184CB900DA082C /* GRDrawingView.m */; };
/* End PBXBuildFile section */

/* Begin PBXContainerItemProxy section */
		60C9496919184C8600DA082C /* PBXContainerItemProxy */ = {
			isa = PBXContainerItemProxy;
			containerPortal = 60C9493B19184C8500DA082C /* Project object */;
			proxyType = 1;
			remoteGlobalIDString = 60C9494219184C8500DA082C;
			remoteInfo = _24_Drawing;
		};
/* End PBXContainerItemProxy section */

/* Begin PBXFileReference section */
		60C9494319184C8500DA082C /* _24_Drawing.app */ = {isa = PBXFileReference; explicitFileType = wrapper.application; includeInIndex = 0; path = _24_Drawing.app; sourceTree = BUILT_PRODUCTS_DIR; };
		60C9494619184C8500DA082C /* Foundation.framework */ = {isa = PBXFileReference; lastKnownFileType = wrapper.framework; name = Foundation.framework; path = System/Library/Frameworks/Foundation.framework; sourceTree = SDKROOT; };
		60C9494819184C8500DA082C /* CoreGraphics.framework */ = {isa = PBXFileReference; lastKnownFileType = wrapper.framework; name = CoreGraphics.framework; path = System/Library/Frameworks/CoreGraphics.framework; sourceTree = SDKROOT; };
		60C9494A19184C8500DA082C /* UIKit.framework */ = {isa = PBXFileReference; lastKnownFileType = wrapper.framework; name = UIKit.framework; path = System/Library/Frameworks/UIKit.framework; sourceTree = SDKROOT; };
		60C9494E19184C8500DA082C /* _24_Drawing-Info.plist */ = {isa = PBXFileReference; lastKnownFileType = text.plist.xml; path = "_24_Drawing-Info.plist"; sourceTree = "<group>"; };
		60C9495019184C8500DA082C /* en */ = {isa = PBXFileReference; lastKnownFileType = text.plist.strings; name = en; path = en.lproj/InfoPlist.strings; sourceTree = "<group>"; };
		60C9495219184C8500DA082C /* main.m */ = {isa = PBXFileReference; lastKnownFileType = sourcecode.c.objc; path = main.m; sourceTree = "<group>"; };
		60C9495419184C8500DA082C /* _24_Drawing-Prefix.pch */ = {isa = PBXFileReference; lastKnownFileType = sourcecode.c.h; path = "_24_Drawing-Prefix.pch"; sourceTree = "<group>"; };
		60C9495519184C8500DA082C /* GRAppDelegate.h */ = {isa = PBXFileReference; lastKnownFileType = sourcecode.c.h; path = GRAppDelegate.h; sourceTree = "<group>"; };
		60C9495619184C8500DA082C /* GRAppDelegate.m */ = {isa = PBXFileReference; lastKnownFileType = sourcecode.c.objc; path = GRAppDelegate.m; sourceTree = "<group>"; };
		60C9495919184C8500DA082C /* Base */ = {isa = PBXFileReference; lastKnownFileType = file.storyboard; name = Base; path = Base.lproj/Main.storyboard; sourceTree = "<group>"; };
		60C9495B19184C8500DA082C /* GRViewController.h */ = {isa = PBXFileReference; lastKnownFileType = sourcecode.c.h; path = GRViewController.h; sourceTree = "<group>"; };
		60C9495C19184C8500DA082C /* GRViewController.m */ = {isa = PBXFileReference; lastKnownFileType = sourcecode.c.objc; path = GRViewController.m; sourceTree = "<group>"; };
		60C9495E19184C8600DA082C /* Images.xcassets */ = {isa = PBXFileReference; lastKnownFileType = folder.assetcatalog; path = Images.xcassets; sourceTree = "<group>"; };
		60C9496419184C8600DA082C /* _24_DrawingTests.xctest */ = {isa = PBXFileReference; explicitFileType = wrapper.cfbundle; includeInIndex = 0; path = _24_DrawingTests.xctest; sourceTree = BUILT_PRODUCTS_DIR; };
		60C9496519184C8600DA082C /* XCTest.framework */ = {isa = PBXFileReference; lastKnownFileType = wrapper.framework; name = XCTest.framework; path = Library/Frameworks/XCTest.framework; sourceTree = DEVELOPER_DIR; };
		60C9496D19184C8600DA082C /* _24_DrawingTests-Info.plist */ = {isa = PBXFileReference; lastKnownFileType = text.plist.xml; path = "_24_DrawingTests-Info.plist"; sourceTree = "<group>"; };
		60C9496F19184C8600DA082C /* en */ = {isa = PBXFileReference; lastKnownFileType = text.plist.strings; name = en; path = en.lproj/InfoPlist.strings; sourceTree = "<group>"; };
		60C9497119184C8600DA082C /* _24_DrawingTests.m */ = {isa = PBXFileReference; lastKnownFileType = sourcecode.c.objc; path = _24_DrawingTests.m; sourceTree = "<group>"; };
		60C9497B19184CB900DA082C /* GRDrawingView.h */ = {isa = PBXFileReference; fileEncoding = 4; lastKnownFileType = sourcecode.c.h; path = GRDrawingView.h; sourceTree = "<group>"; };
		60C9497C19184CB900DA082C /* GRDrawingView.m */ = {isa = PBXFileReference; fileEncoding = 4; lastKnownFileType = sourcecode.c.objc; path = GRDrawingView.m; sourceTree = "<group>"; };
/* End PBXFileReference section */

/* Begin PBXFrameworksBuildPhase section */
		60C9494019184C8500DA082C /* Frameworks */ = {
			isa = PBXFrameworksBuildPhase;
			buildActionMask = 2147483647;
			files = (
				60C9494919184C8500DA082C /* CoreGraphics.framework in Frameworks */,
				60C9494B19184C8500DA082C /* UIKit.framework in Frameworks */,
				60C9494719184C8500DA082C /* Foundation.framework in Frameworks */,
			);
			runOnlyForDeploymentPostprocessing = 0;
		};
		60C9496119184C8600DA082C /* Frameworks */ = {
			isa = PBXFrameworksBuildPhase;
			buildActionMask = 2147483647;
			files = (
				60C9496619184C8600DA082C /* XCTest.framework in Frameworks */,
				60C9496819184C8600DA082C /* UIKit.framework in Frameworks */,
				60C9496719184C8600DA082C /* Foundation.framework in Frameworks */,
			);
			runOnlyForDeploymentPostprocessing = 0;
		};
/* End PBXFrameworksBuildPhase section */

/* Begin PBXGroup section */
		60C9493A19184C8500DA082C = {
			isa = PBXGroup;
			children = (
				60C9494C19184C8500DA082C /* _24_Drawing */,
				60C9496B19184C8600DA082C /* _24_DrawingTests */,
				60C9494519184C8500DA082C /* Frameworks */,
				60C9494419184C8500DA082C /* Products */,
			);
			sourceTree = "<group>";
		};
		60C9494419184C8500DA082C /* Products */ = {
			isa = PBXGroup;
			children = (
				60C9494319184C8500DA082C /* _24_Drawing.app */,
				60C9496419184C8600DA082C /* _24_DrawingTests.xctest */,
			);
			name = Products;
			sourceTree = "<group>";
		};
		60C9494519184C8500DA082C /* Frameworks */ = {
			isa = PBXGroup;
			children = (
				60C9494619184C8500DA082C /* Foundation.framework */,
				60C9494819184C8500DA082C /* CoreGraphics.framework */,
				60C9494A19184C8500DA082C /* UIKit.framework */,
				60C9496519184C8600DA082C /* XCTest.framework */,
			);
			name = Frameworks;
			sourceTree = "<group>";
		};
		60C9494C19184C8500DA082C /* _24_Drawing */ = {
			isa = PBXGroup;
			children = (
				60C9497B19184CB900DA082C /* GRDrawingView.h */,
				60C9497C19184CB900DA082C /* GRDrawingView.m */,
				60C9495519184C8500DA082C /* GRAppDelegate.h */,
				60C9495619184C8500DA082C /* GRAppDelegate.m */,
				60C9495819184C8500DA082C /* Main.storyboard */,
				60C9495B19184C8500DA082C /* GRViewController.h */,
				60C9495C19184C8500DA082C /* GRViewController.m */,
				60C9495E19184C8600DA082C /* Images.xcassets */,
				60C9494D19184C8500DA082C /* Supporting Files */,
			);
			path = _24_Drawing;
			sourceTree = "<group>";
		};
		60C9494D19184C8500DA082C /* Supporting Files */ = {
			isa = PBXGroup;
			children = (
				60C9494E19184C8500DA082C /* _24_Drawing-Info.plist */,
				60C9494F19184C8500DA082C /* InfoPlist.strings */,
				60C9495219184C8500DA082C /* main.m */,
				60C9495419184C8500DA082C /* _24_Drawing-Prefix.pch */,
			);
			name = "Supporting Files";
			sourceTree = "<group>";
		};
		60C9496B19184C8600DA082C /* _24_DrawingTests */ = {
			isa = PBXGroup;
			children = (
				60C9497119184C8600DA082C /* _24_DrawingTests.m */,
				60C9496C19184C8600DA082C /* Supporting Files */,
			);
			path = _24_DrawingTests;
			sourceTree = "<group>";
		};
		60C9496C19184C8600DA082C /* Supporting Files */ = {
			isa = PBXGroup;
			children = (
				60C9496D19184C8600DA082C /* _24_DrawingTests-Info.plist */,
				60C9496E19184C8600DA082C /* InfoPlist.strings */,
			);
			name = "Supporting Files";
			sourceTree = "<group>";
		};
/* End PBXGroup section */

/* Begin PBXNativeTarget section */
		60C9494219184C8500DA082C /* _24_Drawing */ = {
			isa = PBXNativeTarget;
			buildConfigurationList = 60C9497519184C8600DA082C /* Build configuration list for PBXNativeTarget "_24_Drawing" */;
			buildPhases = (
				60C9493F19184C8500DA082C /* Sources */,
				60C9494019184C8500DA082C /* Frameworks */,
				60C9494119184C8500DA082C /* Resources */,
			);
			buildRules = (
			);
			dependencies = (
			);
			name = _24_Drawing;
			productName = _24_Drawing;
			productReference = 60C9494319184C8500DA082C /* _24_Drawing.app */;
			productType = "com.apple.product-type.application";
		};
		60C9496319184C8600DA082C /* _24_DrawingTests */ = {
			isa = PBXNativeTarget;
			buildConfigurationList = 60C9497819184C8600DA082C /* Build configuration list for PBXNativeTarget "_24_DrawingTests" */;
			buildPhases = (
				60C9496019184C8600DA082C /* Sources */,
				60C9496119184C8600DA082C /* Frameworks */,
				60C9496219184C8600DA082C /* Resources */,
			);
			buildRules = (
			);
			dependencies = (
				60C9496A19184C8600DA082C /* PBXTargetDependency */,
			);
			name = _24_DrawingTests;
			productName = _24_DrawingTests;
			productReference = 60C9496419184C8600DA082C /* _24_DrawingTests.xctest */;
			productType = "com.apple.product-type.bundle.unit-test";
		};
/* End PBXNativeTarget section */

/* Begin PBXProject section */
		60C9493B19184C8500DA082C /* Project object */ = {
			isa = PBXProject;
			attributes = {
				CLASSPREFIX = GR;
				LastUpgradeCheck = 0510;
				ORGANIZATIONNAME = Evgenia;
				TargetAttributes = {
					60C9496319184C8600DA082C = {
						TestTargetID = 60C9494219184C8500DA082C;
					};
				};
			};
			buildConfigurationList = 60C9493E19184C8500DA082C /* Build configuration list for PBXProject "_24_Drawing" */;
			compatibilityVersion = "Xcode 3.2";
			developmentRegion = English;
			hasScannedForEncodings = 0;
			knownRegions = (
				en,
				Base,
			);
			mainGroup = 60C9493A19184C8500DA082C;
			productRefGroup = 60C9494419184C8500DA082C /* Products */;
			projectDirPath = "";
			projectRoot = "";
			targets = (
				60C9494219184C8500DA082C /* _24_Drawing */,
				60C9496319184C8600DA082C /* _24_DrawingTests */,
			);
		};
/* End PBXProject section */

/* Begin PBXResourcesBuildPhase section */
		60C9494119184C8500DA082C /* Resources */ = {
			isa = PBXResourcesBuildPhase;
			buildActionMask = 2147483647;
			files = (
				60C9495F19184C8600DA082C /* Images.xcassets in Resources */,
				60C9495119184C8500DA082C /* InfoPlist.strings in Resources */,
				60C9495A19184C8500DA082C /* Main.storyboard in Resources */,
			);
			runOnlyForDeploymentPostprocessing = 0;
		};
		60C9496219184C8600DA082C /* Resources */ = {
			isa = PBXResourcesBuildPhase;
			buildActionMask = 2147483647;
			files = (
				60C9497019184C8600DA082C /* InfoPlist.strings in Resources */,
			);
			runOnlyForDeploymentPostprocessing = 0;
		};
/* End PBXResourcesBuildPhase section */

/* Begin PBXSourcesBuildPhase section */
		60C9493F19184C8500DA082C /* Sources */ = {
			isa = PBXSourcesBuildPhase;
			buildActionMask = 2147483647;
			files = (
				60C9495319184C8500DA082C /* main.m in Sources */,
				60C9495D19184C8500DA082C /* GRViewController.m in Sources */,
				60C9497D19184CB900DA082C /* GRDrawingView.m in Sources */,
				60C9495719184C8500DA082C /* GRAppDelegate.m in Sources */,
			);
			runOnlyForDeploymentPostprocessing = 0;
		};
		60C9496019184C8600DA082C /* Sources */ = {
			isa = PBXSourcesBuildPhase;
			buildActionMask = 2147483647;
			files = (
				60C9497219184C8600DA082C /* _24_DrawingTests.m in Sources */,
			);
			runOnlyForDeploymentPostprocessing = 0;
		};
/* End PBXSourcesBuildPhase section */

/* Begin PBXTargetDependency section */
		60C9496A19184C8600DA082C /* PBXTargetDependency */ = {
			isa = PBXTargetDependency;
			target = 60C9494219184C8500DA082C /* _24_Drawing */;
			targetProxy = 60C9496919184C8600DA082C /* PBXContainerItemProxy */;
		};
/* End PBXTargetDependency section */

/* Begin PBXVariantGroup section */
		60C9494F19184C8500DA082C /* InfoPlist.strings */ = {
			isa = PBXVariantGroup;
			children = (
				60C9495019184C8500DA082C /* en */,
			);
			name = InfoPlist.strings;
			sourceTree = "<group>";
		};
		60C9495819184C8500DA082C /* Main.storyboard */ = {
			isa = PBXVariantGroup;
			children = (
				60C9495919184C8500DA082C /* Base */,
			);
			name = Main.storyboard;
			sourceTree = "<group>";
		};
		60C9496E19184C8600DA082C /* InfoPlist.strings */ = {
			isa = PBXVariantGroup;
			children = (
				60C9496F19184C8600DA082C /* en */,
			);
			name = InfoPlist.strings;
			sourceTree = "<group>";
		};
/* End PBXVariantGroup section */

/* Begin XCBuildConfiguration section */
		60C9497319184C8600DA082C /* Debug */ = {
			isa = XCBuildConfiguration;
			buildSettings = {
				ALWAYS_SEARCH_USER_PATHS = NO;
				CLANG_CXX_LANGUAGE_STANDARD = "gnu++0x";
				CLANG_CXX_LIBRARY = "libc++";
				CLANG_ENABLE_MODULES = YES;
				CLANG_ENABLE_OBJC_ARC = YES;
				CLANG_WARN_BOOL_CONVERSION = YES;
				CLANG_WARN_CONSTANT_CONVERSION = YES;
				CLANG_WARN_DIRECT_OBJC_ISA_USAGE = YES_ERROR;
				CLANG_WARN_EMPTY_BODY = YES;
				CLANG_WARN_ENUM_CONVERSION = YES;
				CLANG_WARN_INT_CONVERSION = YES;
				CLANG_WARN_OBJC_ROOT_CLASS = YES_ERROR;
				CLANG_WARN__DUPLICATE_METHOD_MATCH = YES;
				"CODE_SIGN_IDENTITY[sdk=iphoneos*]" = "iPhone Developer";
				COPY_PHASE_STRIP = NO;
				GCC_C_LANGUAGE_STANDARD = gnu99;
				GCC_DYNAMIC_NO_PIC = NO;
				GCC_OPTIMIZATION_LEVEL = 0;
				GCC_PREPROCESSOR_DEFINITIONS = (
					"DEBUG=1",
					"$(inherited)",
				);
				GCC_SYMBOLS_PRIVATE_EXTERN = NO;
				GCC_WARN_64_TO_32_BIT_CONVERSION = YES;
				GCC_WARN_ABOUT_RETURN_TYPE = YES_ERROR;
				GCC_WARN_UNDECLARED_SELECTOR = YES;
				GCC_WARN_UNINITIALIZED_AUTOS = YES_AGGRESSIVE;
				GCC_WARN_UNUSED_FUNCTION = YES;
				GCC_WARN_UNUSED_VARIABLE = YES;
				IPHONEOS_DEPLOYMENT_TARGET = 7.1;
				ONLY_ACTIVE_ARCH = YES;
				SDKROOT = iphoneos;
				TARGETED_DEVICE_FAMILY = 2;
			};
			name = Debug;
		};
		60C9497419184C8600DA082C /* Release */ = {
			isa = XCBuildConfiguration;
			buildSettings = {
				ALWAYS_SEARCH_USER_PATHS = NO;
				CLANG_CXX_LANGUAGE_STANDARD = "gnu++0x";
				CLANG_CXX_LIBRARY = "libc++";
				CLANG_ENABLE_MODULES = YES;
				CLANG_ENABLE_OBJC_ARC = YES;
				CLANG_WARN_BOOL_CONVERSION = YES;
				CLANG_WARN_CONSTANT_CONVERSION = YES;
				CLANG_WARN_DIRECT_OBJC_ISA_USAGE = YES_ERROR;
				CLANG_WARN_EMPTY_BODY = YES;
				CLANG_WARN_ENUM_CONVERSION = YES;
				CLANG_WARN_INT_CONVERSION = YES;
				CLANG_WARN_OBJC_ROOT_CLASS = YES_ERROR;
				CLANG_WARN__DUPLICATE_METHOD_MATCH = YES;
				"CODE_SIGN_IDENTITY[sdk=iphoneos*]" = "iPhone Developer";
				COPY_PHASE_STRIP = YES;
				ENABLE_NS_ASSERTIONS = NO;
				GCC_C_LANGUAGE_STANDARD = gnu99;
				GCC_WARN_64_TO_32_BIT_CONVERSION = YES;
				GCC_WARN_ABOUT_RETURN_TYPE = YES_ERROR;
				GCC_WARN_UNDECLARED_SELECTOR = YES;
				GCC_WARN_UNINITIALIZED_AUTOS = YES_AGGRESSIVE;
				GCC_WARN_UNUSED_FUNCTION = YES;
				GCC_WARN_UNUSED_VARIABLE = YES;
				IPHONEOS_DEPLOYMENT_TARGET = 7.1;
				SDKROOT = iphoneos;
				TARGETED_DEVICE_FAMILY = 2;
				VALIDATE_PRODUCT = YES;
			};
			name = Release;
		};
		60C9497619184C8600DA082C /* Debug */ = {
			isa = XCBuildConfiguration;
			buildSettings = {
				ASSETCATALOG_COMPILER_APPICON_NAME = AppIcon;
				ASSETCATALOG_COMPILER_LAUNCHIMAGE_NAME = LaunchImage;
				GCC_PRECOMPILE_PREFIX_HEADER = YES;
				GCC_PREFIX_HEADER = "_24_Drawing/_24_Drawing-Prefix.pch";
				INFOPLIST_FILE = "_24_Drawing/_24_Drawing-Info.plist";
				PRODUCT_NAME = "$(TARGET_NAME)";
				WRAPPER_EXTENSION = app;
			};
			name = Debug;
		};
		60C9497719184C8600DA082C /* Release */ = {
			isa = XCBuildConfiguration;
			buildSettings = {
				ASSETCATALOG_COMPILER_APPICON_NAME = AppIcon;
				ASSETCATALOG_COMPILER_LAUNCHIMAGE_NAME = LaunchImage;
				GCC_PRECOMPILE_PREFIX_HEADER = YES;
				GCC_PREFIX_HEADER = "_24_Drawing/_24_Drawing-Prefix.pch";
				INFOPLIST_FILE = "_24_Drawing/_24_Drawing-Info.plist";
				PRODUCT_NAME = "$(TARGET_NAME)";
				WRAPPER_EXTENSION = app;
			};
			name = Release;
		};
		60C9497919184C8600DA082C /* Debug */ = {
			isa = XCBuildConfiguration;
			buildSettings = {
				BUNDLE_LOADER = "$(BUILT_PRODUCTS_DIR)/_24_Drawing.app/_24_Drawing";
				FRAMEWORK_SEARCH_PATHS = (
					"$(SDKROOT)/Developer/Library/Frameworks",
					"$(inherited)",
					"$(DEVELOPER_FRAMEWORKS_DIR)",
				);
				GCC_PRECOMPILE_PREFIX_HEADER = YES;
				GCC_PREFIX_HEADER = "_24_Drawing/_24_Drawing-Prefix.pch";
				GCC_PREPROCESSOR_DEFINITIONS = (
					"DEBUG=1",
					"$(inherited)",
				);
				INFOPLIST_FILE = "_24_DrawingTests/_24_DrawingTests-Info.plist";
				PRODUCT_NAME = "$(TARGET_NAME)";
				TEST_HOST = "$(BUNDLE_LOADER)";
				WRAPPER_EXTENSION = xctest;
			};
			name = Debug;
		};
		60C9497A19184C8600DA082C /* Release */ = {
			isa = XCBuildConfiguration;
			buildSettings = {
				BUNDLE_LOADER = "$(BUILT_PRODUCTS_DIR)/_24_Drawing.app/_24_Drawing";
				FRAMEWORK_SEARCH_PATHS = (
					"$(SDKROOT)/Developer/Library/Frameworks",
					"$(inherited)",
					"$(DEVELOPER_FRAMEWORKS_DIR)",
				);
				GCC_PRECOMPILE_PREFIX_HEADER = YES;
				GCC_PREFIX_HEADER = "_24_Drawing/_24_Drawing-Prefix.pch";
				INFOPLIST_FILE = "_24_DrawingTests/_24_DrawingTests-Info.plist";
				PRODUCT_NAME = "$(TARGET_NAME)";
				TEST_HOST = "$(BUNDLE_LOADER)";
				WRAPPER_EXTENSION = xctest;
			};
			name = Release;
		};
/* End XCBuildConfiguration section */

/* Begin XCConfigurationList section */
		60C9493E19184C8500DA082C /* Build configuration list for PBXProject "_24_Drawing" */ = {
			isa = XCConfigurationList;
			buildConfigurations = (
				60C9497319184C8600DA082C /* Debug */,
				60C9497419184C8600DA082C /* Release */,
			);
			defaultConfigurationIsVisible = 0;
			defaultConfigurationName = Release;
		};
		60C9497519184C8600DA082C /* Build configuration list for PBXNativeTarget "_24_Drawing" */ = {
			isa = XCConfigurationList;
			buildConfigurations = (
				60C9497619184C8600DA082C /* Debug */,
				60C9497719184C8600DA082C /* Release */,
			);
			defaultConfigurationIsVisible = 0;
		};
		60C9497819184C8600DA082C /* Build configuration list for PBXNativeTarget "_24_DrawingTests" */ = {
			isa = XCConfigurationList;
			buildConfigurations = (
				60C9497919184C8600DA082C /* Debug */,
				60C9497A19184C8600DA082C /* Release */,
			);
			defaultConfigurationIsVisible = 0;
		};
/* End XCConfigurationList section */
	};
	rootObject = 60C9493B19184C8500DA082C /* Project object */;
}
